{
  "version": 4,
  "terraform_version": "1.5.7",
  "serial": 3,
  "lineage": "7921027d-72f4-0392-a719-c48bd40ac3c7",
  "outputs": {},
  "resources": [
    {
      "mode": "managed",
      "type": "aws_vpc",
      "name": "test",
      "provider": "provider[\"registry.terraform.io/hashicorp/aws\"]",
      "instances": [
        {
          "schema_version": 1,
          "attributes": {
            "arn": "arn:aws:ec2:ap-southeast-2:646140621639:vpc/vpc-0fa60117b89944acb",
            "assign_generated_ipv6_cidr_block": false,
            "cidr_block": "10.0.0.0/16",
            "default_network_acl_id": "acl-03701a8f689c504dd",
            "default_route_table_id": "rtb-05724ebdb37d6b524",
            "default_security_group_id": "sg-0d55a393473dc7975",
            "dhcp_options_id": "dopt-0f8a1af541989992f",
            "enable_dns_hostnames": false,
            "enable_dns_support": true,
            "enable_network_address_usage_metrics": false,
            "id": "vpc-0fa60117b89944acb",
            "instance_tenancy": "default",
            "ipv4_ipam_pool_id": null,
            "ipv4_netmask_length": null,
            "ipv6_association_id": "",
            "ipv6_cidr_block": "",
            "ipv6_cidr_block_network_border_group": "",
            "ipv6_ipam_pool_id": "",
            "ipv6_netmask_length": 0,
            "main_route_table_id": "rtb-05724ebdb37d6b524",
            "owner_id": "646140621639",
            "tags": {
              "Name": "myaws"
            },
            "tags_all": {
              "Name": "myaws"
            }
          },
          "sensitive_attributes": [],
          "private": "eyJzY2hlbWFfdmVyc2lvbiI6IjEifQ=="
        }
      ]
    }
  ],
  "check_results": null
}
